
Microsoft Visual Studio Solution File, Format Version 12.00
# Visual Studio Version 16
VisualStudioVersion = 16.0.31112.23
MinimumVisualStudioVersion = 10.0.40219.1
Project("{FAE04EC0-301F-11D3-BF4B-00C04F79EFBC}") = "LifeMineTest", "LifeMineTest.csproj", "{1B0EC537-A266-4F8E-A9D0-BBA375F4E1EF}"
EndProject
Global
	GlobalSection(SolutionConfigurationPlatforms) = preSolution
		Debug|Any CPU = Debug|Any CPU
		Release|Any CPU = Release|Any CPU
	EndGlobalSection
	GlobalSection(ProjectConfigurationPlatforms) = postSolution
		{1B0EC537-A266-4F8E-A9D0-BBA375F4E1EF}.Debug|Any CPU.ActiveCfg = Debug|Any CPU
		{1B0EC537-A266-4F8E-A9D0-BBA375F4E1EF}.Debug|Any CPU.Build.0 = Debug|Any CPU
		{1B0EC537-A266-4F8E-A9D0-BBA375F4E1EF}.Release|Any CPU.ActiveCfg = Release|Any CPU
		{1B0EC537-A266-4F8E-A9D0-BBA375F4E1EF}.Release|Any CPU.Build.0 = Release|Any CPU
	EndGlobalSection
	GlobalSection(SolutionProperties) = preSolution
		HideSolutionNode = FALSE
	EndGlobalSection
	GlobalSection(ExtensibilityGlobals) = postSolution
		SolutionGuid = {D7923F85-78A3-4108-A975-2BE85236BEC8}
	EndGlobalSection
EndGlobal
